{
  "name": "sidepanelviewer",
  "lockfileVersion": 3,
  "requires": true,
  "packages": {
    "": {
      "dependencies": {
        "@fluentui/svg-icons": "^1.1.339"
      }
    },
    "node_modules/@fluentui/svg-icons": {
      "version": "1.1.339",
      "resolved": "https://registry.npmjs.org/@fluentui/svg-icons/-/svg-icons-1.1.339.tgz",
      "integrity": "sha512-qUH14AzJ9xifynp1FvmArVVvldw42OIlKImAMo2MbZsKcvKbFjnUy9TwE/doBplIqMKt4uCRheD/L/P9fCzBRQ==",
      "license": "MIT"
    }
  }
}
